
Microsoft Visual Studio Solution File, Format Version 12.00
# Visual Studio Version 17
VisualStudioVersion = 17.6.33801.468
MinimumVisualStudioVersion = 10.0.40219.1
Project("{FAE04EC0-301F-11D3-BF4B-00C04F79EFBC}") = "HW 5", "HW 5\HW 5.csproj", "{F6196FD1-923A-454C-ACE2-7F923C2AA184}"
EndProject
Project("{FAE04EC0-301F-11D3-BF4B-00C04F79EFBC}") = "Interface", "Interface\Interface.csproj", "{7DE7C30A-E93D-489C-BD56-E8835FC3ECAA}"
EndProject
Global
	GlobalSection(SolutionConfigurationPlatforms) = preSolution
		Debug|Any CPU = Debug|Any CPU
		Release|Any CPU = Release|Any CPU
	EndGlobalSection
	GlobalSection(ProjectConfigurationPlatforms) = postSolution
		{F6196FD1-923A-454C-ACE2-7F923C2AA184}.Debug|Any CPU.ActiveCfg = Debug|Any CPU
		{F6196FD1-923A-454C-ACE2-7F923C2AA184}.Debug|Any CPU.Build.0 = Debug|Any CPU
		{F6196FD1-923A-454C-ACE2-7F923C2AA184}.Release|Any CPU.ActiveCfg = Release|Any CPU
		{F6196FD1-923A-454C-ACE2-7F923C2AA184}.Release|Any CPU.Build.0 = Release|Any CPU
		{7DE7C30A-E93D-489C-BD56-E8835FC3ECAA}.Debug|Any CPU.ActiveCfg = Debug|Any CPU
		{7DE7C30A-E93D-489C-BD56-E8835FC3ECAA}.Debug|Any CPU.Build.0 = Debug|Any CPU
		{7DE7C30A-E93D-489C-BD56-E8835FC3ECAA}.Release|Any CPU.ActiveCfg = Release|Any CPU
		{7DE7C30A-E93D-489C-BD56-E8835FC3ECAA}.Release|Any CPU.Build.0 = Release|Any CPU
	EndGlobalSection
	GlobalSection(SolutionProperties) = preSolution
		HideSolutionNode = FALSE
	EndGlobalSection
	GlobalSection(ExtensibilityGlobals) = postSolution
		SolutionGuid = {F064A59E-3C7B-47FD-B5A7-EFF6D17594AA}
	EndGlobalSection
EndGlobal
